// !$*UTF8*$!
{
	archiveVersion = 1;
	classes = {
	};
	objectVersion = 46;
	objects = {

/* Begin PBXBuildFile section */
		843096591C6FC3320020E454 /* README.md in Sources */ = {isa = PBXBuildFile; fileRef = 843096571C6FC3320020E454 /* README.md */; };
		843096601C7004920020E454 /* iwl-trans.h in Headers */ = {isa = PBXBuildFile; fileRef = 8430965F1C7004920020E454 /* iwl-trans.h */; };
		843096631C70CE6F0020E454 /* FirmwareParser.cpp in Sources */ = {isa = PBXBuildFile; fileRef = 843096611C70CE6F0020E454 /* FirmwareParser.cpp */; };
		843096641C70CE6F0020E454 /* FirmwareParser.h in Headers */ = {isa = PBXBuildFile; fileRef = 843096621C70CE6F0020E454 /* FirmwareParser.h */; };
		843096661C70EA6C0020E454 /* iwl-fw-error-dump.h in Headers */ = {isa = PBXBuildFile; fileRef = 843096651C70EA6C0020E454 /* iwl-fw-error-dump.h */; };
		844145681C717D2700D92381 /* iwlwifi-3160-16.ucode in Resources */ = {isa = PBXBuildFile; fileRef = 844145641C717D2700D92381 /* iwlwifi-3160-16.ucode */; };
		844145691C717D2700D92381 /* iwlwifi-7260-16.ucode in Resources */ = {isa = PBXBuildFile; fileRef = 844145651C717D2700D92381 /* iwlwifi-7260-16.ucode */; };
		8441456A1C717D2700D92381 /* iwlwifi-7265-16.ucode in Resources */ = {isa = PBXBuildFile; fileRef = 844145661C717D2700D92381 /* iwlwifi-7265-16.ucode */; };
		8441456B1C717D2700D92381 /* iwlwifi-7265D-16.ucode in Resources */ = {isa = PBXBuildFile; fileRef = 844145671C717D2700D92381 /* iwlwifi-7265D-16.ucode */; };
		846A8A6A1C6CB86400888583 /* iwl-agn-hw.h in Headers */ = {isa = PBXBuildFile; fileRef = 846A8A671C6CB86400888583 /* iwl-agn-hw.h */; };
		846A8A6E1C6CBA6300888583 /* iwl-config.h in Headers */ = {isa = PBXBuildFile; fileRef = 846A8A6D1C6CBA6300888583 /* iwl-config.h */; };
		846A8A701C6CBB1E00888583 /* linux-porting.h in Headers */ = {isa = PBXBuildFile; fileRef = 846A8A6F1C6CBB1E00888583 /* linux-porting.h */; };
		847F26C81C6EA19C0007A5B0 /* iwlwifi-8000C-16.ucode in Resources */ = {isa = PBXBuildFile; fileRef = 847F26C71C6EA19C0007A5B0 /* iwlwifi-8000C-16.ucode */; };
		847F26CA1C6EA2870007A5B0 /* FirmwareLoader.cpp in Sources */ = {isa = PBXBuildFile; fileRef = 847F26C91C6EA2870007A5B0 /* FirmwareLoader.cpp */; };
		84C01A021C6C1F4100408046 /* AppleIntelWiFiMVM.h in Headers */ = {isa = PBXBuildFile; fileRef = 84C01A011C6C1F4100408046 /* AppleIntelWiFiMVM.h */; };
		84C01A041C6C1F4100408046 /* AppleIntelWiFiMVM.cpp in Sources */ = {isa = PBXBuildFile; fileRef = 84C01A031C6C1F4100408046 /* AppleIntelWiFiMVM.cpp */; };
		84E3AE731C6CF3F1004694CB /* ieee80211.h in Headers */ = {isa = PBXBuildFile; fileRef = 84E3AE721C6CF3F1004694CB /* ieee80211.h */; };
		84E3AE751C6CF475004694CB /* if_ether.h in Headers */ = {isa = PBXBuildFile; fileRef = 84E3AE741C6CF475004694CB /* if_ether.h */; };
		84EF564C1C6D903B00C97EDD /* netdev_features.h in Headers */ = {isa = PBXBuildFile; fileRef = 84EF564B1C6D903B00C97EDD /* netdev_features.h */; };
		84EF564E1C6D943E00C97EDD /* iwl-7000.h in Headers */ = {isa = PBXBuildFile; fileRef = 84EF564D1C6D943E00C97EDD /* iwl-7000.h */; };
		84EF56501C6D951E00C97EDD /* device-list.h in Headers */ = {isa = PBXBuildFile; fileRef = 84EF564F1C6D951E00C97EDD /* device-list.h */; };
		84EF56521C6D95C300C97EDD /* iwl-8000.h in Headers */ = {isa = PBXBuildFile; fileRef = 84EF56511C6D95C300C97EDD /* iwl-8000.h */; };
/* End PBXBuildFile section */

/* Begin PBXFileReference section */
		843096561C6FC3320020E454 /* LICENSE */ = {isa = PBXFileReference; fileEncoding = 4; lastKnownFileType = text; path = LICENSE; sourceTree = "<group>"; };
		843096571C6FC3320020E454 /* README.md */ = {isa = PBXFileReference; fileEncoding = 4; lastKnownFileType = net.daringfireball.markdown; path = README.md; sourceTree = "<group>"; };
		8430965E1C6FFB820020E454 /* firmware-defs.h */ = {isa = PBXFileReference; lastKnownFileType = sourcecode.c.h; name = "firmware-defs.h"; path = "linux/firmware-defs.h"; sourceTree = "<group>"; };
		8430965F1C7004920020E454 /* iwl-trans.h */ = {isa = PBXFileReference; fileEncoding = 4; lastKnownFileType = sourcecode.c.h; name = "iwl-trans.h"; path = "linux/iwl-trans.h"; sourceTree = "<group>"; };
		843096611C70CE6F0020E454 /* FirmwareParser.cpp */ = {isa = PBXFileReference; fileEncoding = 4; lastKnownFileType = sourcecode.cpp.cpp; path = FirmwareParser.cpp; sourceTree = "<group>"; };
		843096621C70CE6F0020E454 /* FirmwareParser.h */ = {isa = PBXFileReference; fileEncoding = 4; lastKnownFileType = sourcecode.c.h; path = FirmwareParser.h; sourceTree = "<group>"; };
		843096651C70EA6C0020E454 /* iwl-fw-error-dump.h */ = {isa = PBXFileReference; fileEncoding = 4; lastKnownFileType = sourcecode.c.h; name = "iwl-fw-error-dump.h"; path = "linux/iwl-fw-error-dump.h"; sourceTree = "<group>"; };
		844145641C717D2700D92381 /* iwlwifi-3160-16.ucode */ = {isa = PBXFileReference; lastKnownFileType = file; name = "iwlwifi-3160-16.ucode"; path = "firmware/iwlwifi-3160-16.ucode"; sourceTree = "<group>"; };
		844145651C717D2700D92381 /* iwlwifi-7260-16.ucode */ = {isa = PBXFileReference; lastKnownFileType = file; name = "iwlwifi-7260-16.ucode"; path = "firmware/iwlwifi-7260-16.ucode"; sourceTree = "<group>"; };
		844145661C717D2700D92381 /* iwlwifi-7265-16.ucode */ = {isa = PBXFileReference; lastKnownFileType = file; name = "iwlwifi-7265-16.ucode"; path = "firmware/iwlwifi-7265-16.ucode"; sourceTree = "<group>"; };
		844145671C717D2700D92381 /* iwlwifi-7265D-16.ucode */ = {isa = PBXFileReference; lastKnownFileType = file; name = "iwlwifi-7265D-16.ucode"; path = "firmware/iwlwifi-7265D-16.ucode"; sourceTree = "<group>"; };
		846A8A671C6CB86400888583 /* iwl-agn-hw.h */ = {isa = PBXFileReference; fileEncoding = 4; lastKnownFileType = sourcecode.c.h; name = "iwl-agn-hw.h"; path = "linux/iwl-agn-hw.h"; sourceTree = "<group>"; };
		846A8A6D1C6CBA6300888583 /* iwl-config.h */ = {isa = PBXFileReference; fileEncoding = 4; lastKnownFileType = sourcecode.c.h; name = "iwl-config.h"; path = "linux/iwl-config.h"; sourceTree = "<group>"; };
		846A8A6F1C6CBB1E00888583 /* linux-porting.h */ = {isa = PBXFileReference; fileEncoding = 4; lastKnownFileType = sourcecode.c.h; name = "linux-porting.h"; path = "linux/linux-porting.h"; sourceTree = "<group>"; };
		847F26C71C6EA19C0007A5B0 /* iwlwifi-8000C-16.ucode */ = {isa = PBXFileReference; lastKnownFileType = file; name = "iwlwifi-8000C-16.ucode"; path = "firmware/iwlwifi-8000C-16.ucode"; sourceTree = "<group>"; };
		847F26C91C6EA2870007A5B0 /* FirmwareLoader.cpp */ = {isa = PBXFileReference; fileEncoding = 4; lastKnownFileType = sourcecode.cpp.cpp; path = FirmwareLoader.cpp; sourceTree = "<group>"; };
		84C019FE1C6C1F4100408046 /* AppleIntelWiFiMVM.kext */ = {isa = PBXFileReference; explicitFileType = wrapper.cfbundle; includeInIndex = 0; path = AppleIntelWiFiMVM.kext; sourceTree = BUILT_PRODUCTS_DIR; };
		84C01A011C6C1F4100408046 /* AppleIntelWiFiMVM.h */ = {isa = PBXFileReference; lastKnownFileType = sourcecode.c.h; path = AppleIntelWiFiMVM.h; sourceTree = "<group>"; };
		84C01A031C6C1F4100408046 /* AppleIntelWiFiMVM.cpp */ = {isa = PBXFileReference; lastKnownFileType = sourcecode.cpp.cpp; path = AppleIntelWiFiMVM.cpp; sourceTree = "<group>"; };
		84C01A051C6C1F4100408046 /* Info.plist */ = {isa = PBXFileReference; lastKnownFileType = text.plist.xml; path = Info.plist; sourceTree = "<group>"; };
		84E3AE721C6CF3F1004694CB /* ieee80211.h */ = {isa = PBXFileReference; fileEncoding = 4; lastKnownFileType = sourcecode.c.h; name = ieee80211.h; path = linux/ieee80211.h; sourceTree = "<group>"; };
		84E3AE741C6CF475004694CB /* if_ether.h */ = {isa = PBXFileReference; fileEncoding = 4; lastKnownFileType = sourcecode.c.h; name = if_ether.h; path = linux/if_ether.h; sourceTree = "<group>"; };
		84EF564A1C6D8D7800C97EDD /* linux-80211.h */ = {isa = PBXFileReference; lastKnownFileType = sourcecode.c.h; name = "linux-80211.h"; path = "linux/linux-80211.h"; sourceTree = "<group>"; };
		84EF564B1C6D903B00C97EDD /* netdev_features.h */ = {isa = PBXFileReference; fileEncoding = 4; lastKnownFileType = sourcecode.c.h; name = netdev_features.h; path = linux/netdev_features.h; sourceTree = "<group>"; };
		84EF564D1C6D943E00C97EDD /* iwl-7000.h */ = {isa = PBXFileReference; fileEncoding = 4; lastKnownFileType = sourcecode.c.h; name = "iwl-7000.h"; path = "linux/iwl-7000.h"; sourceTree = "<group>"; };
		84EF564F1C6D951E00C97EDD /* device-list.h */ = {isa = PBXFileReference; fileEncoding = 4; lastKnownFileType = sourcecode.c.h; name = "device-list.h"; path = "linux/device-list.h"; sourceTree = "<group>"; };
		84EF56511C6D95C300C97EDD /* iwl-8000.h */ = {isa = PBXFileReference; fileEncoding = 4; lastKnownFileType = sourcecode.c.h; name = "iwl-8000.h"; path = "linux/iwl-8000.h"; sourceTree = "<group>"; };
/* End PBXFileReference section */

/* Begin PBXFrameworksBuildPhase section */
		84C019FA1C6C1F4100408046 /* Frameworks */ = {
			isa = PBXFrameworksBuildPhase;
			buildActionMask = 2147483647;
			files = (
			);
			runOnlyForDeploymentPostprocessing = 0;
		};
/* End PBXFrameworksBuildPhase section */

/* Begin PBXGroup section */
		846A8A641C6CB54700888583 /* linux */ = {
			isa = PBXGroup;
			children = (
				843096651C70EA6C0020E454 /* iwl-fw-error-dump.h */,
				84EF564F1C6D951E00C97EDD /* device-list.h */,
				8430965E1C6FFB820020E454 /* firmware-defs.h */,
				84E3AE721C6CF3F1004694CB /* ieee80211.h */,
				84E3AE741C6CF475004694CB /* if_ether.h */,
				84EF564D1C6D943E00C97EDD /* iwl-7000.h */,
				84EF56511C6D95C300C97EDD /* iwl-8000.h */,
				846A8A671C6CB86400888583 /* iwl-agn-hw.h */,
				846A8A6D1C6CBA6300888583 /* iwl-config.h */,
				8430965F1C7004920020E454 /* iwl-trans.h */,
				84EF564A1C6D8D7800C97EDD /* linux-80211.h */,
				846A8A6F1C6CBB1E00888583 /* linux-porting.h */,
				84EF564B1C6D903B00C97EDD /* netdev_features.h */,
			);
			name = linux;
			sourceTree = "<group>";
		};
		847F26C61C6EA0A90007A5B0 /* Firmware */ = {
			isa = PBXGroup;
			children = (
				844145641C717D2700D92381 /* iwlwifi-3160-16.ucode */,
				844145651C717D2700D92381 /* iwlwifi-7260-16.ucode */,
				844145661C717D2700D92381 /* iwlwifi-7265-16.ucode */,
				844145671C717D2700D92381 /* iwlwifi-7265D-16.ucode */,
				847F26C71C6EA19C0007A5B0 /* iwlwifi-8000C-16.ucode */,
			);
			name = Firmware;
			sourceTree = "<group>";
		};
		84C019F41C6C1F4100408046 = {
			isa = PBXGroup;
			children = (
				843096561C6FC3320020E454 /* LICENSE */,
				843096571C6FC3320020E454 /* README.md */,
				84C01A001C6C1F4100408046 /* AppleIntelWiFiMVM */,
				84C019FF1C6C1F4100408046 /* Products */,
			);
			sourceTree = "<group>";
		};
		84C019FF1C6C1F4100408046 /* Products */ = {
			isa = PBXGroup;
			children = (
				84C019FE1C6C1F4100408046 /* AppleIntelWiFiMVM.kext */,
			);
			name = Products;
			sourceTree = "<group>";
		};
		84C01A001C6C1F4100408046 /* AppleIntelWiFiMVM */ = {
			isa = PBXGroup;
			children = (
				84C01A051C6C1F4100408046 /* Info.plist */,
				847F26C61C6EA0A90007A5B0 /* Firmware */,
				846A8A641C6CB54700888583 /* linux */,
				84C01A011C6C1F4100408046 /* AppleIntelWiFiMVM.h */,
				84C01A031C6C1F4100408046 /* AppleIntelWiFiMVM.cpp */,
				847F26C91C6EA2870007A5B0 /* FirmwareLoader.cpp */,
				843096621C70CE6F0020E454 /* FirmwareParser.h */,
				843096611C70CE6F0020E454 /* FirmwareParser.cpp */,
			);
			path = AppleIntelWiFiMVM;
			sourceTree = "<group>";
		};
/* End PBXGroup section */

/* Begin PBXHeadersBuildPhase section */
		84C019FB1C6C1F4100408046 /* Headers */ = {
			isa = PBXHeadersBuildPhase;
			buildActionMask = 2147483647;
			files = (
				84EF56501C6D951E00C97EDD /* device-list.h in Headers */,
				84EF564E1C6D943E00C97EDD /* iwl-7000.h in Headers */,
				843096601C7004920020E454 /* iwl-trans.h in Headers */,
				84EF564C1C6D903B00C97EDD /* netdev_features.h in Headers */,
				843096641C70CE6F0020E454 /* FirmwareParser.h in Headers */,
				84E3AE751C6CF475004694CB /* if_ether.h in Headers */,
				846A8A6E1C6CBA6300888583 /* iwl-config.h in Headers */,
				843096661C70EA6C0020E454 /* iwl-fw-error-dump.h in Headers */,
				846A8A701C6CBB1E00888583 /* linux-porting.h in Headers */,
				84E3AE731C6CF3F1004694CB /* ieee80211.h in Headers */,
				84EF56521C6D95C300C97EDD /* iwl-8000.h in Headers */,
				846A8A6A1C6CB86400888583 /* iwl-agn-hw.h in Headers */,
				84C01A021C6C1F4100408046 /* AppleIntelWiFiMVM.h in Headers */,
			);
			runOnlyForDeploymentPostprocessing = 0;
		};
/* End PBXHeadersBuildPhase section */

/* Begin PBXNativeTarget section */
		84C019FD1C6C1F4100408046 /* AppleIntelWiFiMVM */ = {
			isa = PBXNativeTarget;
			buildConfigurationList = 84C01A081C6C1F4100408046 /* Build configuration list for PBXNativeTarget "AppleIntelWiFiMVM" */;
			buildPhases = (
				84C019F91C6C1F4100408046 /* Sources */,
				84C019FA1C6C1F4100408046 /* Frameworks */,
				84C019FB1C6C1F4100408046 /* Headers */,
				84C019FC1C6C1F4100408046 /* Resources */,
			);
			buildRules = (
			);
			dependencies = (
			);
			name = AppleIntelWiFiMVM;
			productName = AppleIntelWiFiMVM;
			productReference = 84C019FE1C6C1F4100408046 /* AppleIntelWiFiMVM.kext */;
			productType = "com.apple.product-type.kernel-extension";
		};
/* End PBXNativeTarget section */

/* Begin PBXProject section */
		84C019F51C6C1F4100408046 /* Project object */ = {
			isa = PBXProject;
			attributes = {
				LastUpgradeCheck = 0720;
				ORGANIZATIONNAME = "Aaron Mulder";
				TargetAttributes = {
					84C019FD1C6C1F4100408046 = {
						CreatedOnToolsVersion = 7.2.1;
					};
				};
			};
			buildConfigurationList = 84C019F81C6C1F4100408046 /* Build configuration list for PBXProject "AppleIntelWiFiMVM" */;
			compatibilityVersion = "Xcode 3.2";
			developmentRegion = English;
			hasScannedForEncodings = 0;
			knownRegions = (
				en,
			);
			mainGroup = 84C019F41C6C1F4100408046;
			productRefGroup = 84C019FF1C6C1F4100408046 /* Products */;
			projectDirPath = "";
			projectRoot = "";
			targets = (
				84C019FD1C6C1F4100408046 /* AppleIntelWiFiMVM */,
			);
		};
/* End PBXProject section */

/* Begin PBXResourcesBuildPhase section */
		84C019FC1C6C1F4100408046 /* Resources */ = {
			isa = PBXResourcesBuildPhase;
			buildActionMask = 2147483647;
			files = (
				844145681C717D2700D92381 /* iwlwifi-3160-16.ucode in Resources */,
				8441456A1C717D2700D92381 /* iwlwifi-7265-16.ucode in Resources */,
				844145691C717D2700D92381 /* iwlwifi-7260-16.ucode in Resources */,
				8441456B1C717D2700D92381 /* iwlwifi-7265D-16.ucode in Resources */,
				847F26C81C6EA19C0007A5B0 /* iwlwifi-8000C-16.ucode in Resources */,
			);
			runOnlyForDeploymentPostprocessing = 0;
		};
/* End PBXResourcesBuildPhase section */

/* Begin PBXSourcesBuildPhase section */
		84C019F91C6C1F4100408046 /* Sources */ = {
			isa = PBXSourcesBuildPhase;
			buildActionMask = 2147483647;
			files = (
				843096591C6FC3320020E454 /* README.md in Sources */,
				843096631C70CE6F0020E454 /* FirmwareParser.cpp in Sources */,
				84C01A041C6C1F4100408046 /* AppleIntelWiFiMVM.cpp in Sources */,
				847F26CA1C6EA2870007A5B0 /* FirmwareLoader.cpp in Sources */,
			);
			runOnlyForDeploymentPostprocessing = 0;
		};
/* End PBXSourcesBuildPhase section */

/* Begin XCBuildConfiguration section */
		84C01A061C6C1F4100408046 /* Debug */ = {
			isa = XCBuildConfiguration;
			buildSettings = {
				ALWAYS_SEARCH_USER_PATHS = NO;
				CLANG_CXX_LANGUAGE_STANDARD = "gnu++0x";
				CLANG_CXX_LIBRARY = "libc++";
				CLANG_ENABLE_MODULES = YES;
				CLANG_ENABLE_OBJC_ARC = YES;
				CLANG_WARN_BOOL_CONVERSION = YES;
				CLANG_WARN_CONSTANT_CONVERSION = YES;
				CLANG_WARN_DIRECT_OBJC_ISA_USAGE = YES_ERROR;
				CLANG_WARN_EMPTY_BODY = YES;
				CLANG_WARN_ENUM_CONVERSION = YES;
				CLANG_WARN_INT_CONVERSION = YES;
				CLANG_WARN_OBJC_ROOT_CLASS = YES_ERROR;
				CLANG_WARN_UNREACHABLE_CODE = YES;
				CLANG_WARN__DUPLICATE_METHOD_MATCH = YES;
				CODE_SIGN_IDENTITY = "-";
				COPY_PHASE_STRIP = NO;
				DEBUG_INFORMATION_FORMAT = dwarf;
				ENABLE_STRICT_OBJC_MSGSEND = YES;
				ENABLE_TESTABILITY = YES;
				GCC_C_LANGUAGE_STANDARD = gnu99;
				GCC_DYNAMIC_NO_PIC = NO;
				GCC_NO_COMMON_BLOCKS = YES;
				GCC_OPTIMIZATION_LEVEL = 0;
				GCC_PREPROCESSOR_DEFINITIONS = (
					"DEBUG=1",
					"$(inherited)",
				);
				GCC_WARN_64_TO_32_BIT_CONVERSION = YES;
				GCC_WARN_ABOUT_RETURN_TYPE = YES_ERROR;
				GCC_WARN_UNDECLARED_SELECTOR = YES;
				GCC_WARN_UNINITIALIZED_AUTOS = YES_AGGRESSIVE;
				GCC_WARN_UNUSED_FUNCTION = YES;
				GCC_WARN_UNUSED_VARIABLE = YES;
				MACOSX_DEPLOYMENT_TARGET = 10.11;
				MTL_ENABLE_DEBUG_INFO = YES;
				ONLY_ACTIVE_ARCH = YES;
				SDKROOT = macosx;
			};
			name = Debug;
		};
		84C01A071C6C1F4100408046 /* Release */ = {
			isa = XCBuildConfiguration;
			buildSettings = {
				ALWAYS_SEARCH_USER_PATHS = NO;
				CLANG_CXX_LANGUAGE_STANDARD = "gnu++0x";
				CLANG_CXX_LIBRARY = "libc++";
				CLANG_ENABLE_MODULES = YES;
				CLANG_ENABLE_OBJC_ARC = YES;
				CLANG_WARN_BOOL_CONVERSION = YES;
				CLANG_WARN_CONSTANT_CONVERSION = YES;
				CLANG_WARN_DIRECT_OBJC_ISA_USAGE = YES_ERROR;
				CLANG_WARN_EMPTY_BODY = YES;
				CLANG_WARN_ENUM_CONVERSION = YES;
				CLANG_WARN_INT_CONVERSION = YES;
				CLANG_WARN_OBJC_ROOT_CLASS = YES_ERROR;
				CLANG_WARN_UNREACHABLE_CODE = YES;
				CLANG_WARN__DUPLICATE_METHOD_MATCH = YES;
				CODE_SIGN_IDENTITY = "-";
				COPY_PHASE_STRIP = NO;
				DEBUG_INFORMATION_FORMAT = "dwarf-with-dsym";
				ENABLE_NS_ASSERTIONS = NO;
				ENABLE_STRICT_OBJC_MSGSEND = YES;
				GCC_C_LANGUAGE_STANDARD = gnu99;
				GCC_NO_COMMON_BLOCKS = YES;
				GCC_WARN_64_TO_32_BIT_CONVERSION = YES;
				GCC_WARN_ABOUT_RETURN_TYPE = YES_ERROR;
				GCC_WARN_UNDECLARED_SELECTOR = YES;
				GCC_WARN_UNINITIALIZED_AUTOS = YES_AGGRESSIVE;
				GCC_WARN_UNUSED_FUNCTION = YES;
				GCC_WARN_UNUSED_VARIABLE = YES;
				MACOSX_DEPLOYMENT_TARGET = 10.11;
				MTL_ENABLE_DEBUG_INFO = NO;
				SDKROOT = macosx;
			};
			name = Release;
		};
		84C01A091C6C1F4100408046 /* Debug */ = {
			isa = XCBuildConfiguration;
			buildSettings = {
				ARCHS = "$(ARCHS_STANDARD_64_BIT)";
				CODE_SIGN_IDENTITY = "";
				COMBINE_HIDPI_IMAGES = YES;
				CURRENT_PROJECT_VERSION = 1.0.0d1;
				INFOPLIST_FILE = AppleIntelWiFiMVM/Info.plist;
				MODULE_NAME = org.opentools.AppleIntelWiFiMVM;
				MODULE_VERSION = 1.0.0d1;
				PRODUCT_BUNDLE_IDENTIFIER = org.opentools.AppleIntelWiFiMVM;
				PRODUCT_NAME = "$(TARGET_NAME)";
				VALID_ARCHS = x86_64;
				WRAPPER_EXTENSION = kext;
			};
			name = Debug;
		};
		84C01A0A1C6C1F4100408046 /* Release */ = {
			isa = XCBuildConfiguration;
			buildSettings = {
				ARCHS = "$(ARCHS_STANDARD_64_BIT)";
				CODE_SIGN_IDENTITY = "";
				COMBINE_HIDPI_IMAGES = YES;
				CURRENT_PROJECT_VERSION = 1.0.0d1;
				INFOPLIST_FILE = AppleIntelWiFiMVM/Info.plist;
				MODULE_NAME = org.opentools.AppleIntelWiFiMVM;
				MODULE_VERSION = 1.0.0d1;
				PRODUCT_BUNDLE_IDENTIFIER = org.opentools.AppleIntelWiFiMVM;
				PRODUCT_NAME = "$(TARGET_NAME)";
				VALID_ARCHS = x86_64;
				WRAPPER_EXTENSION = kext;
			};
			name = Release;
		};
/* End XCBuildConfiguration section */

/* Begin XCConfigurationList section */
		84C019F81C6C1F4100408046 /* Build configuration list for PBXProject "AppleIntelWiFiMVM" */ = {
			isa = XCConfigurationList;
			buildConfigurations = (
				84C01A061C6C1F4100408046 /* Debug */,
				84C01A071C6C1F4100408046 /* Release */,
			);
			defaultConfigurationIsVisible = 0;
			defaultConfigurationName = Release;
		};
		84C01A081C6C1F4100408046 /* Build configuration list for PBXNativeTarget "AppleIntelWiFiMVM" */ = {
			isa = XCConfigurationList;
			buildConfigurations = (
				84C01A091C6C1F4100408046 /* Debug */,
				84C01A0A1C6C1F4100408046 /* Release */,
			);
			defaultConfigurationIsVisible = 0;
			defaultConfigurationName = Release;
		};
/* End XCConfigurationList section */
	};
	rootObject = 84C019F51C6C1F4100408046 /* Project object */;
}
